
Microsoft Visual Studio Solution File, Format Version 12.00
# Visual Studio Version 17
VisualStudioVersion = 17.5.002.0
MinimumVisualStudioVersion = 10.0.40219.1
Project("{9A19103F-16F7-4668-BE54-9A1E7A4F7556}") = "Exercicio TAD FLEX LISTA", "Exercicio TAD FLEX LISTA.csproj", "{6161F54C-173C-437B-AD95-D5D87CBEC009}"
EndProject
Global
	GlobalSection(SolutionConfigurationPlatforms) = preSolution
		Debug|Any CPU = Debug|Any CPU
		Release|Any CPU = Release|Any CPU
	EndGlobalSection
	GlobalSection(ProjectConfigurationPlatforms) = postSolution
		{6161F54C-173C-437B-AD95-D5D87CBEC009}.Debug|Any CPU.ActiveCfg = Debug|Any CPU
		{6161F54C-173C-437B-AD95-D5D87CBEC009}.Debug|Any CPU.Build.0 = Debug|Any CPU
		{6161F54C-173C-437B-AD95-D5D87CBEC009}.Release|Any CPU.ActiveCfg = Release|Any CPU
		{6161F54C-173C-437B-AD95-D5D87CBEC009}.Release|Any CPU.Build.0 = Release|Any CPU
	EndGlobalSection
	GlobalSection(SolutionProperties) = preSolution
		HideSolutionNode = FALSE
	EndGlobalSection
	GlobalSection(ExtensibilityGlobals) = postSolution
		SolutionGuid = {E2696E87-90EA-449F-A24C-4109DE0C9B18}
	EndGlobalSection
EndGlobal
